github.com/FidelityFramework/clef-lang-spec v0.1.0-draft h1:52bUvnZd69M/tX6sQ70zZDya6YvFima8ER8dC297G5s=
github.com/FidelityFramework/clef-lang-spec v0.1.0-draft/go.mod h1:mS0exSvMMvpd0Ube3MMjF5uLf0Ldw2qWvIYq6A35wCA=
github.com/FidelityFramework/clef-lang-spec v0.1.0-draft.0.20260216114641-39331998e83b h1:pK6zkfd3AjSsFWfXHeaYFslY4Z+2vh+dvOxPaqvgMFA=
github.com/FidelityFramework/clef-lang-spec v0.1.0-draft.0.20260216114641-39331998e83b/go.mod h1:mS0exSvMMvpd0Ube3MMjF5uLf0Ldw2qWvIYq6A35wCA=
github.com/FidelityFramework/clef-lang-spec v0.1.0-draft.0.20260216120201-8da44c6cdb82 h1:clDhKWg16v77+bDr1XOf/W6KBte1OFJaOhxNZ1+QED4=
github.com/FidelityFramework/clef-lang-spec v0.1.0-draft.0.20260216120201-8da44c6cdb82/go.mod h1:mS0exSvMMvpd0Ube3MMjF5uLf0Ldw2qWvIYq6A35wCA=
github.com/FidelityFramework/clef-lang-spec v0.1.0-draft.0.20260216121811-f4882b054cb6 h1:c1tbIRw3LAozWKGe3mhBHrdtf0vwrB2M5x0utxDg4MY=
github.com/FidelityFramework/clef-lang-spec v0.1.0-draft.0.20260216121811-f4882b054cb6/go.mod h1:mS0exSvMMvpd0Ube3MMjF5uLf0Ldw2qWvIYq6A35wCA=
github.com/FidelityFramework/clef-lang-spec v0.1.0-draft.0.20260216122847-40b21dd9beb6 h1:CmlDaT+dBS3tQ5RGqvW6Bsi7qf2e30kwdjipC6vh6w8=
github.com/FidelityFramework/clef-lang-spec v0.1.0-draft.0.20260216122847-40b21dd9beb6/go.mod h1:mS0exSvMMvpd0Ube3MMjF5uLf0Ldw2qWvIYq6A35wCA=
github.com/FidelityFramework/clef-lang-spec v0.1.0-draft.0.20260216194833-20a005f40f22 h1:BTiZyOU/ml6HA9+awXV534REbyJhjkdrPu8NjPx/xJI=
github.com/FidelityFramework/clef-lang-spec v0.1.0-draft.0.20260216194833-20a005f40f22/go.mod h1:mS0exSvMMvpd0Ube3MMjF5uLf0Ldw2qWvIYq6A35wCA=
github.com/FidelityFramework/clef-lang-spec v0.1.0-draft.0.20260216200705-54141ed8283d h1:U1S4Lsymc5gAMYxqill+A/JTouwVR3tKwm2+cYGrhfo=
github.com/FidelityFramework/clef-lang-spec v0.1.0-draft.0.20260216200705-54141ed8283d/go.mod h1:mS0exSvMMvpd0Ube3MMjF5uLf0Ldw2qWvIYq6A35wCA=
github.com/FidelityFramework/clef-lang-spec v0.1.0-draft.0.20260216200759-2d5ade7c4bb3 h1:O/tcFrVrWrRH96vp30JGg2r/0k4UZWuVyVjGPJtUCPU=
github.com/FidelityFramework/clef-lang-spec v0.1.0-draft.0.20260216200759-2d5ade7c4bb3/go.mod h1:mS0exSvMMvpd0Ube3MMjF5uLf0Ldw2qWvIYq6A35wCA=
github.com/FidelityFramework/clef-lang-spec v0.1.0-draft.0.20260216204539-4769e560c163 h1:Ar4ARFnuazmoeGnSagB3K5LjjWSoK+RW+tM6ZQ28uRI=
github.com/FidelityFramework/clef-lang-spec v0.1.0-draft.0.20260216204539-4769e560c163/go.mod h1:mS0exSvMMvpd0Ube3MMjF5uLf0Ldw2qWvIYq6A35wCA=
github.com/FidelityFramework/clef-lang-spec v0.1.0-draft.0.20260223043011-3bd733fee40f h1:n31URGxLKJC6TmfIu2Z+10GGF6JnjeMDB1iU2B/ruiU=
github.com/FidelityFramework/clef-lang-spec v0.1.0-draft.0.20260223043011-3bd733fee40f/go.mod h1:mS0exSvMMvpd0Ube3MMjF5uLf0Ldw2qWvIYq6A35wCA=
github.com/FidelityFramework/clef-lang-spec v0.1.0-draft.0.20260308143905-32a04d8f5625 h1:qslfIcEBuSsiYKVmTtbc8OLKHWTGE41HUsdJWAf0+l4=
github.com/FidelityFramework/clef-lang-spec v0.1.0-draft.0.20260308143905-32a04d8f5625/go.mod h1:mS0exSvMMvpd0Ube3MMjF5uLf0Ldw2qWvIYq6A35wCA=
github.com/FidelityFramework/clef-lang-spec v0.1.0-draft.0.20260427151733-f543f8972682 h1:P7EnExDHXkg/V7Zn3UeRO+G0gE8ElYrijGnzjQH392k=
github.com/FidelityFramework/clef-lang-spec v0.1.0-draft.0.20260427151733-f543f8972682/go.mod h1:mS0exSvMMvpd0Ube3MMjF5uLf0Ldw2qWvIYq6A35wCA=
github.com/FidelityFramework/clef-lang-spec v0.1.0-draft.0.20260427163113-dd01e2a0560b h1:a6pGOtdM+FsRvq/Qri70XyRqco+E6sLuebdsLEoG6u4=
github.com/FidelityFramework/clef-lang-spec v0.1.0-draft.0.20260427163113-dd01e2a0560b/go.mod h1:mS0exSvMMvpd0Ube3MMjF5uLf0Ldw2qWvIYq6A35wCA=
github.com/FidelityFramework/clef-lang-spec v0.1.0-draft.0.20260615002633-85ae6cc8417f h1:WThmaM8dWu0u2YozYDIPdN1HCAfHI59NXmyoC+srHMU=
github.com/FidelityFramework/clef-lang-spec v0.1.0-draft.0.20260615002633-85ae6cc8417f/go.mod h1:mS0exSvMMvpd0Ube3MMjF5uLf0Ldw2qWvIYq6A35wCA=
github.com/FidelityFramework/clef-lang-spec v0.1.0-draft.0.20260615013345-f861ca4107da h1:14Ec/ovepzMWXtgyeEUcilUl0RgCztDF1RfFUVq0aAg=
github.com/FidelityFramework/clef-lang-spec v0.1.0-draft.0.20260615013345-f861ca4107da/go.mod h1:mS0exSvMMvpd0Ube3MMjF5uLf0Ldw2qWvIYq6A35wCA=
github.com/FidelityFramework/clef-lang-spec v0.1.0-draft.0.20260615021029-b035429a9997 h1:gH5FS276feZOJjYR3oilMAm2acVAlIGVBvOmRNdSFI8=
github.com/FidelityFramework/clef-lang-spec v0.1.0-draft.0.20260615021029-b035429a9997/go.mod h1:mS0exSvMMvpd0Ube3MMjF5uLf0Ldw2qWvIYq6A35wCA=
github.com/FidelityFramework/clef-lang-spec v0.1.0-draft.0.20260615022457-009b2f085c23 h1:Nz3olSdaSOIasHLwRXqAr6X52U1YQsu8QtYA/Vxt6Fc=
github.com/FidelityFramework/clef-lang-spec v0.1.0-draft.0.20260615022457-009b2f085c23/go.mod h1:mS0exSvMMvpd0Ube3MMjF5uLf0Ldw2qWvIYq6A35wCA=
github.com/FidelityFramework/clef-lang-spec v0.1.0-draft.0.20260615033658-8d4744f2902e h1:GY2wdp+a1O0IqS+ccamDa0AxI2+1xvfDNLhcJOS+OMI=
github.com/FidelityFramework/clef-lang-spec v0.1.0-draft.0.20260615033658-8d4744f2902e/go.mod h1:mS0exSvMMvpd0Ube3MMjF5uLf0Ldw2qWvIYq6A35wCA=
github.com/FidelityFramework/clef-lang-spec v0.1.0-draft.0.20260615035035-fd7fc38bdf25 h1:JTewsCaSMHxK+DhxLNsLPKeXRbpLGl001tfk/YD0GDs=
github.com/FidelityFramework/clef-lang-spec v0.1.0-draft.0.20260615035035-fd7fc38bdf25/go.mod h1:mS0exSvMMvpd0Ube3MMjF5uLf0Ldw2qWvIYq6A35wCA=
github.com/FidelityFramework/clef-lang-spec v0.1.0-draft.0.20260615040228-e6ff333016c0 h1:LbudEZZs4nCogl2N4VGsgifmIahbPa9R7ZVUjfP+jPw=
github.com/FidelityFramework/clef-lang-spec v0.1.0-draft.0.20260615040228-e6ff333016c0/go.mod h1:mS0exSvMMvpd0Ube3MMjF5uLf0Ldw2qWvIYq6A35wCA=
github.com/FidelityFramework/clef-lang-spec v0.1.0-draft.0.20260615040853-6ff74ea2e0cb h1:Zc43QJu89R8ihH0j9+zK5lRcHvzf8vHOki/xfu63QvY=
github.com/FidelityFramework/clef-lang-spec v0.1.0-draft.0.20260615040853-6ff74ea2e0cb/go.mod h1:mS0exSvMMvpd0Ube3MMjF5uLf0Ldw2qWvIYq6A35wCA=
github.com/FidelityFramework/clef-lang-spec v0.1.0-draft.0.20260615044812-e957b3f8c0f8 h1:Y/z5VL0yhBmLzrEN+S4x8Zvy2ZGJfV0CeePeQRpW+ZI=
github.com/FidelityFramework/clef-lang-spec v0.1.0-draft.0.20260615044812-e957b3f8c0f8/go.mod h1:mS0exSvMMvpd0Ube3MMjF5uLf0Ldw2qWvIYq6A35wCA=
github.com/FidelityFramework/clef-lang-spec v0.1.0-draft.0.20260615173458-5ad1a33cbea4 h1:ixfKQ3YF75u/oHTzd3JB/wDtizhcpLxv2uV5w4Si0h0=
github.com/FidelityFramework/clef-lang-spec v0.1.0-draft.0.20260615173458-5ad1a33cbea4/go.mod h1:mS0exSvMMvpd0Ube3MMjF5uLf0Ldw2qWvIYq6A35wCA=
github.com/FidelityFramework/clef-lang-spec v0.1.0-draft.0.20260619002428-53045d4ba722 h1:RNdyTl2pG+jdRltwviXwFv8hUZy+oxlLpfllRqdpeHI=
github.com/FidelityFramework/clef-lang-spec v0.1.0-draft.0.20260619002428-53045d4ba722/go.mod h1:mS0exSvMMvpd0Ube3MMjF5uLf0Ldw2qWvIYq6A35wCA=
github.com/FidelityFramework/clef-lang-spec v0.1.0-draft.0.20260627214816-a0517bcb9d89 h1:5CkqN39N1S/t/cbVooeUL4fz671l2AEmV8xaJBpfi+o=
github.com/FidelityFramework/clef-lang-spec v0.1.0-draft.0.20260627214816-a0517bcb9d89/go.mod h1:mS0exSvMMvpd0Ube3MMjF5uLf0Ldw2qWvIYq6A35wCA=
github.com/FidelityFramework/clef-lang-spec v0.1.0-draft.0.20260628002948-2d4a0bb29a39 h1:iuXIGlgS1dttYls0P/nyb7wqtGTqxKNEhqiE7X1A3yY=
github.com/FidelityFramework/clef-lang-spec v0.1.0-draft.0.20260628002948-2d4a0bb29a39/go.mod h1:mS0exSvMMvpd0Ube3MMjF5uLf0Ldw2qWvIYq6A35wCA=
github.com/FidelityFramework/clef-lang-spec v0.1.0-draft.0.20260629182600-65e5880e9044 h1:NDKnCxVbY7LUaChwAU6+OiZg3GuCf6YavS7h1UN6PeY=
github.com/FidelityFramework/clef-lang-spec v0.1.0-draft.0.20260629182600-65e5880e9044/go.mod h1:mS0exSvMMvpd0Ube3MMjF5uLf0Ldw2qWvIYq6A35wCA=
github.com/FidelityFramework/clef-lang-spec v0.1.0-draft.0.20260629192321-c17fcc9ff8ae h1:du58zyhgAFJcfwc92/Y+38z0ggzz+qpNICFl9Y8KZzw=
github.com/FidelityFramework/clef-lang-spec v0.1.0-draft.0.20260629192321-c17fcc9ff8ae/go.mod h1:mS0exSvMMvpd0Ube3MMjF5uLf0Ldw2qWvIYq6A35wCA=
github.com/FidelityFramework/clef-lang-spec v0.1.0-draft.0.20260630150314-b1464df3fa72 h1:PFkhAxr//Z1XarnSuisJ79aB+/sQApjKl8fMk68zJCc=
github.com/FidelityFramework/clef-lang-spec v0.1.0-draft.0.20260630150314-b1464df3fa72/go.mod h1:mS0exSvMMvpd0Ube3MMjF5uLf0Ldw2qWvIYq6A35wCA=
github.com/FidelityFramework/clef-lang-spec v0.1.0-draft.0.20260630151603-5ea29e0f6b61 h1:7yRDtTcnFNlGMnNZNjUTqa0bwMiv2FKar/c8bb4TiQo=
github.com/FidelityFramework/clef-lang-spec v0.1.0-draft.0.20260630151603-5ea29e0f6b61/go.mod h1:mS0exSvMMvpd0Ube3MMjF5uLf0Ldw2qWvIYq6A35wCA=
github.com/FidelityFramework/clef-lang-spec v0.1.0-draft.0.20260630160930-de26da795511 h1:uuSe8cT63SD7CBcw56WgVtS8h2ctEJriN2y156mNCXg=
github.com/FidelityFramework/clef-lang-spec v0.1.0-draft.0.20260630160930-de26da795511/go.mod h1:mS0exSvMMvpd0Ube3MMjF5uLf0Ldw2qWvIYq6A35wCA=
github.com/FidelityFramework/clef-lang-spec v0.1.0-draft.0.20260630162241-1450c2e6f260 h1:KFShSOK7YswBWTM6G0Q14/3ZCPFfgpuPxDJsN+eoe3Q=
github.com/FidelityFramework/clef-lang-spec v0.1.0-draft.0.20260630162241-1450c2e6f260/go.mod h1:mS0exSvMMvpd0Ube3MMjF5uLf0Ldw2qWvIYq6A35wCA=
github.com/FidelityFramework/clef-lang-spec v0.1.0-draft.0.20260630162852-8857df9c3533 h1:MCeTBAjghQNuhsY63FNbqrgGumhDXSRqz0b/GueDqrw=
github.com/FidelityFramework/clef-lang-spec v0.1.0-draft.0.20260630162852-8857df9c3533/go.mod h1:mS0exSvMMvpd0Ube3MMjF5uLf0Ldw2qWvIYq6A35wCA=
github.com/FidelityFramework/clef-lang-spec v0.1.0-draft.0.20260630171913-88154da33118 h1:TWQkw6F9Ix/7pcreeZqA6Tb4O3d8f5hCKmyGr8Bj8ac=
github.com/FidelityFramework/clef-lang-spec v0.1.0-draft.0.20260630171913-88154da33118/go.mod h1:mS0exSvMMvpd0Ube3MMjF5uLf0Ldw2qWvIYq6A35wCA=
github.com/FidelityFramework/clef-lang-spec v0.1.0-draft.0.20260630210957-7b68e3b25045 h1:pZoDaEeXVBkIuNrzekQnHU2BQMv1Pg9G3d1QKVEt8ug=
github.com/FidelityFramework/clef-lang-spec v0.1.0-draft.0.20260630210957-7b68e3b25045/go.mod h1:mS0exSvMMvpd0Ube3MMjF5uLf0Ldw2qWvIYq6A35wCA=
github.com/FidelityFramework/clef-lang-spec v0.1.0-draft.0.20260630222941-01e6afb9d76a h1:DKP5QRKya8FsA2xJNNGW9uPY6frsSoE1B1uBGfuHx8M=
github.com/FidelityFramework/clef-lang-spec v0.1.0-draft.0.20260630222941-01e6afb9d76a/go.mod h1:mS0exSvMMvpd0Ube3MMjF5uLf0Ldw2qWvIYq6A35wCA=
github.com/FidelityFramework/clef-lang-spec v0.1.0-draft.0.20260701115530-907b1a39a8ee h1:/2h9NZpydEKtDfXqsvcM/+NQ61Bst1IB3d/1YHdUMiQ=
github.com/FidelityFramework/clef-lang-spec v0.1.0-draft.0.20260701115530-907b1a39a8ee/go.mod h1:mS0exSvMMvpd0Ube3MMjF5uLf0Ldw2qWvIYq6A35wCA=
github.com/FidelityFramework/clef-lang-spec v0.1.0-draft.0.20260701123554-39346afe7bbd h1:IHKrORa3oTtxot7aTB1TwYrgfLwXQs44O0qRk71w5Ko=
github.com/FidelityFramework/clef-lang-spec v0.1.0-draft.0.20260701123554-39346afe7bbd/go.mod h1:mS0exSvMMvpd0Ube3MMjF5uLf0Ldw2qWvIYq6A35wCA=
github.com/FidelityFramework/clef-lang-spec v0.1.0-draft.0.20260701153745-348b1c2d3b5a h1:eEcI2dlqv/FxOw31y49V1JUtL2oCSN5iej3BaWImQ2E=
github.com/FidelityFramework/clef-lang-spec v0.1.0-draft.0.20260701153745-348b1c2d3b5a/go.mod h1:mS0exSvMMvpd0Ube3MMjF5uLf0Ldw2qWvIYq6A35wCA=
github.com/FidelityFramework/clef-lang-spec v0.1.0-draft.0.20260701175754-30552abe833e h1:uK4gUKbjALCrOIDBXRj6iNm2BQp0IcHsCIeXgTm4Big=
github.com/FidelityFramework/clef-lang-spec v0.1.0-draft.0.20260701175754-30552abe833e/go.mod h1:mS0exSvMMvpd0Ube3MMjF5uLf0Ldw2qWvIYq6A35wCA=
github.com/FidelityFramework/clef-lang-spec v0.1.0-draft.0.20260701181526-317f58602ace h1:2kRXYj11oombW6E1J7dVezGpbDmS1sctnZUw1XGr2DY=
github.com/FidelityFramework/clef-lang-spec v0.1.0-draft.0.20260701181526-317f58602ace/go.mod h1:mS0exSvMMvpd0Ube3MMjF5uLf0Ldw2qWvIYq6A35wCA=
github.com/FidelityFramework/clef-lang-spec v0.1.0-draft.0.20260701205628-9748424acc6e h1:R45nzIVPSQgRjDCu0PWsGYHygayh/lZQSlO6oHb1mns=
github.com/FidelityFramework/clef-lang-spec v0.1.0-draft.0.20260701205628-9748424acc6e/go.mod h1:mS0exSvMMvpd0Ube3MMjF5uLf0Ldw2qWvIYq6A35wCA=
github.com/FidelityFramework/clef-lang-spec v0.1.0-draft.0.20260705130827-3bf860fdc370 h1:UxqOBXcSN/UE7s1t3XpLqcDZ4/tcGok0o5mtdtVlNQ0=
github.com/FidelityFramework/clef-lang-spec v0.1.0-draft.0.20260705130827-3bf860fdc370/go.mod h1:mS0exSvMMvpd0Ube3MMjF5uLf0Ldw2qWvIYq6A35wCA=
github.com/FidelityFramework/clef-lang-spec v0.1.0-draft.0.20260705152625-bb85c2642adb h1:CfdrgvpF7wP2Nq5SEiJRgkcyreHtDRj3dWg68n7uW6o=
github.com/FidelityFramework/clef-lang-spec v0.1.0-draft.0.20260705152625-bb85c2642adb/go.mod h1:mS0exSvMMvpd0Ube3MMjF5uLf0Ldw2qWvIYq6A35wCA=
github.com/imfing/hextra v0.11.1 h1:8pTc4ReYbzGTHAnyiebmlT3ijFfIXiGu1r7tM/UGjFI=
github.com/imfing/hextra v0.11.1/go.mod h1:cEfel3lU/bSx7lTE/+uuR4GJaphyOyiwNR3PTqFTXpI=
